
Microsoft Visual Studio Solution File, Format Version 12.00
# Visual Studio Version 16
VisualStudioVersion = 16.0.29926.136
MinimumVisualStudioVersion = 10.0.40219.1
Project("{FAE04EC0-301F-11D3-BF4B-00C04F79EFBC}") = "Vezba31", "Vezba31\Vezba31.csproj", "{22E1EBE6-D22E-41CA-A12C-473E4FC7A089}"
EndProject
Global
	GlobalSection(SolutionConfigurationPlatforms) = preSolution
		Debug|Any CPU = Debug|Any CPU
		Release|Any CPU = Release|Any CPU
	EndGlobalSection
	GlobalSection(ProjectConfigurationPlatforms) = postSolution
		{22E1EBE6-D22E-41CA-A12C-473E4FC7A089}.Debug|Any CPU.ActiveCfg = Debug|Any CPU
		{22E1EBE6-D22E-41CA-A12C-473E4FC7A089}.Debug|Any CPU.Build.0 = Debug|Any CPU
		{22E1EBE6-D22E-41CA-A12C-473E4FC7A089}.Release|Any CPU.ActiveCfg = Release|Any CPU
		{22E1EBE6-D22E-41CA-A12C-473E4FC7A089}.Release|Any CPU.Build.0 = Release|Any CPU
	EndGlobalSection
	GlobalSection(SolutionProperties) = preSolution
		HideSolutionNode = FALSE
	EndGlobalSection
	GlobalSection(ExtensibilityGlobals) = postSolution
		SolutionGuid = {04458D45-2283-4A57-9939-31C597F31517}
	EndGlobalSection
EndGlobal
